PODS:
  - Kiwi (2.4.0)
  - SPXDefines (1.2.4)
  - Stack (0.5.0):
    - SPXDefines

DEPENDENCIES:
  - Kiwi
  - Stack (from `../`)

EXTERNAL SOURCES:
  Stack:
    :path: ../

SPEC CHECKSUMS:
  Kiwi: f49c9d54b28917df5928fe44968a39ed198cb8a8
  SPXDefines: 264a8381a08080532d52b041559a6c32af19377b
  Stack: 023c16c64d35e2e2ccc52b291f65163a7216d33c

COCOAPODS: 0.39.0
