PODS:
  - Kiwi (2.3.1)
  - SPXDefines (1.2.1)
  - Stack (0.2.4):
    - SPXDefines

DEPENDENCIES:
  - Kiwi
  - Stack (from `../`)

EXTERNAL SOURCES:
  Stack:
    :path: ../

SPEC CHECKSUMS:
  Kiwi: 73e1400209055ee9c8ba78c6012b6b642d0fb9f7
  SPXDefines: b4e90cf2fac9d39f51290060d392f441793f8f8e
  Stack: fc842c80d2fdf02598f08b15d96ba0d57774e5ce

COCOAPODS: 0.36.0.beta.1
